
Microsoft Visual Studio Solution File, Format Version 12.00
# Visual Studio 15
VisualStudioVersion = 15.0.27130.2024
MinimumVisualStudioVersion = 10.0.40219.1
Project("{FAE04EC0-301F-11D3-BF4B-00C04F79EFBC}") = "AirVinyl.Model", "AirVinyl.Model\AirVinyl.Model.csproj", "{948C803E-7334-4591-90F2-0AD8F3B1FCB7}"
EndProject
Project("{FAE04EC0-301F-11D3-BF4B-00C04F79EFBC}") = "AirVinyl.DataAccessLayer", "AirVinyl.DataAccessLayer\AirVinyl.DataAccessLayer.csproj", "{F8B46C2B-6DFA-42AB-8860-96A6457BF85E}"
EndProject
Project("{FAE04EC0-301F-11D3-BF4B-00C04F79EFBC}") = "AirVinyl.API", "AirVinyl.API\AirVinyl.API.csproj", "{D028A5B3-28CF-4179-BF12-5BEC22CB3A98}"
EndProject
Project("{FAE04EC0-301F-11D3-BF4B-00C04F79EFBC}") = "AirVinyl.WebClient", "AirVinyl.WebClient\AirVinyl.WebClient.csproj", "{A4633118-7DF8-41C5-8AFA-974BBA5149FD}"
EndProject
Global
	GlobalSection(SolutionConfigurationPlatforms) = preSolution
		Debug|Any CPU = Debug|Any CPU
		Release|Any CPU = Release|Any CPU
	EndGlobalSection
	GlobalSection(ProjectConfigurationPlatforms) = postSolution
		{948C803E-7334-4591-90F2-0AD8F3B1FCB7}.Debug|Any CPU.ActiveCfg = Debug|Any CPU
		{948C803E-7334-4591-90F2-0AD8F3B1FCB7}.Debug|Any CPU.Build.0 = Debug|Any CPU
		{948C803E-7334-4591-90F2-0AD8F3B1FCB7}.Release|Any CPU.ActiveCfg = Release|Any CPU
		{948C803E-7334-4591-90F2-0AD8F3B1FCB7}.Release|Any CPU.Build.0 = Release|Any CPU
		{F8B46C2B-6DFA-42AB-8860-96A6457BF85E}.Debug|Any CPU.ActiveCfg = Debug|Any CPU
		{F8B46C2B-6DFA-42AB-8860-96A6457BF85E}.Debug|Any CPU.Build.0 = Debug|Any CPU
		{F8B46C2B-6DFA-42AB-8860-96A6457BF85E}.Release|Any CPU.ActiveCfg = Release|Any CPU
		{F8B46C2B-6DFA-42AB-8860-96A6457BF85E}.Release|Any CPU.Build.0 = Release|Any CPU
		{D028A5B3-28CF-4179-BF12-5BEC22CB3A98}.Debug|Any CPU.ActiveCfg = Debug|Any CPU
		{D028A5B3-28CF-4179-BF12-5BEC22CB3A98}.Debug|Any CPU.Build.0 = Debug|Any CPU
		{D028A5B3-28CF-4179-BF12-5BEC22CB3A98}.Release|Any CPU.ActiveCfg = Release|Any CPU
		{D028A5B3-28CF-4179-BF12-5BEC22CB3A98}.Release|Any CPU.Build.0 = Release|Any CPU
		{A4633118-7DF8-41C5-8AFA-974BBA5149FD}.Debug|Any CPU.ActiveCfg = Debug|Any CPU
		{A4633118-7DF8-41C5-8AFA-974BBA5149FD}.Debug|Any CPU.Build.0 = Debug|Any CPU
		{A4633118-7DF8-41C5-8AFA-974BBA5149FD}.Release|Any CPU.ActiveCfg = Release|Any CPU
		{A4633118-7DF8-41C5-8AFA-974BBA5149FD}.Release|Any CPU.Build.0 = Release|Any CPU
	EndGlobalSection
	GlobalSection(SolutionProperties) = preSolution
		HideSolutionNode = FALSE
	EndGlobalSection
	GlobalSection(ExtensibilityGlobals) = postSolution
		SolutionGuid = {F36D7390-5BA3-4BDA-A3D2-89A0E48FD52F}
	EndGlobalSection
EndGlobal
